
Microsoft Visual Studio Solution File, Format Version 12.00
# Visual Studio Version 17
VisualStudioVersion = 17.14.36623.8
MinimumVisualStudioVersion = 10.0.40219.1
Project("{FAE04EC0-301F-11D3-BF4B-00C04F79EFBC}") = "FlutterProjectKAMSOFT", "FlutterProjectKAMSOFT\FlutterProjectKAMSOFT.csproj", "{C7BAE432-9251-4D32-92DE-4B6398A2913C}"
EndProject
Project("{E24C65DC-7377-472B-9ABA-BC803B73C61A}") = "FlutterProjectKAMSOFT_client", "FlutterProjectKAMSOFT_client\", "{F9CF2C7A-33AA-4C0D-A7EE-4B37A6C9D131}"
	ProjectSection(WebsiteProperties) = preProject
		TargetFrameworkMoniker = ".NETFramework,Version%3Dv4.8"
		ProjectReferences = ""
		Debug.AspNetCompiler.VirtualPath = "/localhost_39581"
		Debug.AspNetCompiler.PhysicalPath = "FlutterProjectKAMSOFT_client\"
		Debug.AspNetCompiler.TargetPath = "PrecompiledWeb\localhost_39581\"
		Debug.AspNetCompiler.Updateable = "true"
		Debug.AspNetCompiler.ForceOverwrite = "true"
		Debug.AspNetCompiler.FixedNames = "false"
		Debug.AspNetCompiler.Debug = "True"
		Release.AspNetCompiler.VirtualPath = "/localhost_39581"
		Release.AspNetCompiler.PhysicalPath = "FlutterProjectKAMSOFT_client\"
		Release.AspNetCompiler.TargetPath = "PrecompiledWeb\localhost_39581\"
		Release.AspNetCompiler.Updateable = "true"
		Release.AspNetCompiler.ForceOverwrite = "true"
		Release.AspNetCompiler.FixedNames = "false"
		Release.AspNetCompiler.Debug = "False"
		VWDPort = "39581"
		SlnRelativePath = "FlutterProjectKAMSOFT_client\"
	EndProjectSection
EndProject
Project("{FAE04EC0-301F-11D3-BF4B-00C04F79EFBC}") = "WorkshopTests", "WorkshopTests\WorkshopTests.csproj", "{ADEC2CFE-B9CA-4328-A0FA-0BF7A68FC95C}"
EndProject
Global
	GlobalSection(SolutionConfigurationPlatforms) = preSolution
		Debug|Any CPU = Debug|Any CPU
		Release|Any CPU = Release|Any CPU
	EndGlobalSection
	GlobalSection(ProjectConfigurationPlatforms) = postSolution
		{C7BAE432-9251-4D32-92DE-4B6398A2913C}.Debug|Any CPU.ActiveCfg = Debug|Any CPU
		{C7BAE432-9251-4D32-92DE-4B6398A2913C}.Debug|Any CPU.Build.0 = Debug|Any CPU
		{C7BAE432-9251-4D32-92DE-4B6398A2913C}.Release|Any CPU.ActiveCfg = Release|Any CPU
		{C7BAE432-9251-4D32-92DE-4B6398A2913C}.Release|Any CPU.Build.0 = Release|Any CPU
		{F9CF2C7A-33AA-4C0D-A7EE-4B37A6C9D131}.Debug|Any CPU.ActiveCfg = Debug|Any CPU
		{F9CF2C7A-33AA-4C0D-A7EE-4B37A6C9D131}.Debug|Any CPU.Build.0 = Debug|Any CPU
		{F9CF2C7A-33AA-4C0D-A7EE-4B37A6C9D131}.Release|Any CPU.ActiveCfg = Debug|Any CPU
		{F9CF2C7A-33AA-4C0D-A7EE-4B37A6C9D131}.Release|Any CPU.Build.0 = Debug|Any CPU
		{ADEC2CFE-B9CA-4328-A0FA-0BF7A68FC95C}.Debug|Any CPU.ActiveCfg = Debug|Any CPU
		{ADEC2CFE-B9CA-4328-A0FA-0BF7A68FC95C}.Debug|Any CPU.Build.0 = Debug|Any CPU
		{ADEC2CFE-B9CA-4328-A0FA-0BF7A68FC95C}.Release|Any CPU.ActiveCfg = Release|Any CPU
		{ADEC2CFE-B9CA-4328-A0FA-0BF7A68FC95C}.Release|Any CPU.Build.0 = Release|Any CPU
	EndGlobalSection
	GlobalSection(SolutionProperties) = preSolution
		HideSolutionNode = FALSE
	EndGlobalSection
	GlobalSection(ExtensibilityGlobals) = postSolution
		SolutionGuid = {3F675C8B-156C-4527-98CC-B369F0FA6B09}
	EndGlobalSection
EndGlobal
